# THIS IS AN AUTOGENERATED FILE. DO NOT EDIT THIS FILE DIRECTLY.
# yarn lockfile v1


"@protobufjs/aspromise@^1.1.1", "@protobufjs/aspromise@^1.1.2":
  version "1.1.2"
  resolved "https://registry.yarnpkg.com/@protobufjs/aspromise/-/aspromise-1.1.2.tgz#9b8b0cc663d669a7d8f6f5d0893a14d348f30fbf"

"@protobufjs/base64@^1.1.2":
  version "1.1.2"
  resolved "https://registry.yarnpkg.com/@protobufjs/base64/-/base64-1.1.2.tgz#4c85730e59b9a1f1f349047dbf24296034bb2735"

"@protobufjs/codegen@^2.0.4":
  version "2.0.4"
  resolved "https://registry.yarnpkg.com/@protobufjs/codegen/-/codegen-2.0.4.tgz#7ef37f0d010fb028ad1ad59722e506d9262815cb"

"@protobufjs/eventemitter@^1.1.0":
  version "1.1.0"
  resolved "https://registry.yarnpkg.com/@protobufjs/eventemitter/-/eventemitter-1.1.0.tgz#355cbc98bafad5978f9ed095f397621f1d066b70"

"@protobufjs/fetch@^1.1.0":
  version "1.1.0"
  resolved "https://registry.yarnpkg.com/@protobufjs/fetch/-/fetch-1.1.0.tgz#ba99fb598614af65700c1619ff06d454b0d84c45"
  dependencies:
    "@protobufjs/aspromise" "^1.1.1"
    "@protobufjs/inquire" "^1.1.0"

"@protobufjs/float@^1.0.2":
  version "1.0.2"
  resolved "https://registry.yarnpkg.com/@protobufjs/float/-/float-1.0.2.tgz#5e9e1abdcb73fc0a7cb8b291df78c8cbd97b87d1"

"@protobufjs/inquire@^1.1.0":
  version "1.1.0"
  resolved "https://registry.yarnpkg.com/@protobufjs/inquire/-/inquire-1.1.0.tgz#ff200e3e7cf2429e2dcafc1140828e8cc638f089"

"@protobufjs/path@^1.1.2":
  version "1.1.2"
  resolved "https://registry.yarnpkg.com/@protobufjs/path/-/path-1.1.2.tgz#6cc2b20c5c9ad6ad0dccfd21ca7673d8d7fbf68d"

"@protobufjs/pool@^1.1.0":
  version "1.1.0"
  resolved "https://registry.yarnpkg.com/@protobufjs/pool/-/pool-1.1.0.tgz#09fd15f2d6d3abfa9b65bc366506d6ad7846ff54"

"@protobufjs/utf8@^1.1.0":
  version "1.1.0"
  resolved "https://registry.yarnpkg.com/@protobufjs/utf8/-/utf8-1.1.0.tgz#a777360b5b39a1a2e5106f8e858f2fd2d060c570"

"@tensorflow/tfjs-converter@0.5.2":
  version "0.5.2"
  resolved "https://registry.yarnpkg.com/@tensorflow/tfjs-converter/-/tfjs-converter-0.5.2.tgz#27bbe662b016e3c6ec09fb5f5f21f2bf8479399b"
  dependencies:
    "@types/long" "~3.0.32"
    protobufjs "~6.8.6"
    url "~0.11.0"

"@tensorflow/tfjs-core@0.12.4":
  version "0.12.4"
  resolved "https://registry.yarnpkg.com/@tensorflow/tfjs-core/-/tfjs-core-0.12.4.tgz#39e6239617856fce82b41936f711f78190aa71bd"
  dependencies:
    seedrandom "~2.4.3"

"@tensorflow/tfjs-layers@0.7.1":
  version "0.7.1"
  resolved "https://registry.yarnpkg.com/@tensorflow/tfjs-layers/-/tfjs-layers-0.7.1.tgz#3286736cad5e9465988aa996e5291a62f8a7dba1"

"@tensorflow/tfjs@^0.12.3":
  version "0.12.3"
  resolved "https://registry.yarnpkg.com/@tensorflow/tfjs/-/tfjs-0.12.3.tgz#5289698fe6cbe773b776e8fc6b0c2cfd7bb7fc43"
  dependencies:
    "@tensorflow/tfjs-converter" "0.5.2"
    "@tensorflow/tfjs-core" "0.12.4"
    "@tensorflow/tfjs-layers" "0.7.1"

"@types/long@^4.0.0":
  version "4.0.0"
  resolved "https://registry.yarnpkg.com/@types/long/-/long-4.0.0.tgz#719551d2352d301ac8b81db732acb6bdc28dbdef"

"@types/long@~3.0.32":
  version "3.0.32"
  resolved "https://registry.yarnpkg.com/@types/long/-/long-3.0.32.tgz#f4e5af31e9e9b196d8e5fca8a5e2e20aa3d60b69"

"@types/node@^10.1.0":
  version "10.5.3"
  resolved "https://registry.yarnpkg.com/@types/node/-/node-10.5.3.tgz#5bcfaf088ad17894232012877669634c06b20cc5"

dct@^0.0.3:
  version "0.0.3"
  resolved "https://registry.yarnpkg.com/dct/-/dct-0.0.3.tgz#19390a834388a1d3a1373f9edfe50622074849d3"

kissfft-js@^0.1.8:
  version "0.1.8"
  resolved "https://registry.yarnpkg.com/kissfft-js/-/kissfft-js-0.1.8.tgz#fdc418cd6b8268aad6d2841a7f43db923679e11a"

long@^4.0.0:
  version "4.0.0"
  resolved "https://registry.yarnpkg.com/long/-/long-4.0.0.tgz#9a7b71cfb7d361a194ea555241c92f7468d5bf28"

protobufjs@~6.8.6:
  version "6.8.8"
  resolved "https://registry.yarnpkg.com/protobufjs/-/protobufjs-6.8.8.tgz#c8b4f1282fd7a90e6f5b109ed11c84af82908e7c"
  dependencies:
    "@protobufjs/aspromise" "^1.1.2"
    "@protobufjs/base64" "^1.1.2"
    "@protobufjs/codegen" "^2.0.4"
    "@protobufjs/eventemitter" "^1.1.0"
    "@protobufjs/fetch" "^1.1.0"
    "@protobufjs/float" "^1.0.2"
    "@protobufjs/inquire" "^1.1.0"
    "@protobufjs/path" "^1.1.2"
    "@protobufjs/pool" "^1.1.0"
    "@protobufjs/utf8" "^1.1.0"
    "@types/long" "^4.0.0"
    "@types/node" "^10.1.0"
    long "^4.0.0"

punycode@1.3.2:
  version "1.3.2"
  resolved "https://registry.yarnpkg.com/punycode/-/punycode-1.3.2.tgz#9653a036fb7c1ee42342f2325cceefea3926c48d"

querystring@0.2.0:
  version "0.2.0"
  resolved "https://registry.yarnpkg.com/querystring/-/querystring-0.2.0.tgz#b209849203bb25df820da756e747005878521620"

seedrandom@~2.4.3:
  version "2.4.3"
  resolved "https://registry.yarnpkg.com/seedrandom/-/seedrandom-2.4.3.tgz#2438504dad33917314bff18ac4d794f16d6aaecc"

url@~0.11.0:
  version "0.11.0"
  resolved "https://registry.yarnpkg.com/url/-/url-0.11.0.tgz#3838e97cfc60521eb73c525a8e55bfdd9e2e28f1"
  dependencies:
    punycode "1.3.2"
    querystring "0.2.0"
